
Microsoft Visual Studio Solution File, Format Version 12.00
# Visual Studio Version 17
VisualStudioVersion = 17.2.32602.215
MinimumVisualStudioVersion = 10.0.40219.1
Project("{FAE04EC0-301F-11D3-BF4B-00C04F79EFBC}") = "1-OlaMundo", "1-OlaMundo\1-OlaMundo.csproj", "{E987D6ED-A505-4755-BD3C-5C434D3FD49B}"
EndProject
Global
	GlobalSection(SolutionConfigurationPlatforms) = preSolution
		Debug|Any CPU = Debug|Any CPU
		Release|Any CPU = Release|Any CPU
	EndGlobalSection
	GlobalSection(ProjectConfigurationPlatforms) = postSolution
		{E987D6ED-A505-4755-BD3C-5C434D3FD49B}.Debug|Any CPU.ActiveCfg = Debug|Any CPU
		{E987D6ED-A505-4755-BD3C-5C434D3FD49B}.Debug|Any CPU.Build.0 = Debug|Any CPU
		{E987D6ED-A505-4755-BD3C-5C434D3FD49B}.Release|Any CPU.ActiveCfg = Release|Any CPU
		{E987D6ED-A505-4755-BD3C-5C434D3FD49B}.Release|Any CPU.Build.0 = Release|Any CPU
	EndGlobalSection
	GlobalSection(SolutionProperties) = preSolution
		HideSolutionNode = FALSE
	EndGlobalSection
	GlobalSection(ExtensibilityGlobals) = postSolution
		SolutionGuid = {4F72B410-5ED7-4A59-8A0B-86E0233BE923}
	EndGlobalSection
EndGlobal
